
Microsoft Visual Studio Solution File, Format Version 12.00
# Visual Studio 15
VisualStudioVersion = 15.0.34829.251
MinimumVisualStudioVersion = 10.0.40219.1
Project("{FAE04EC0-301F-11D3-BF4B-00C04F79EFBC}") = "FARMACIA_API", "FARMACIA_API\FARMACIA_API.csproj", "{7474FE20-A0F4-4CA6-9545-A8FCA84F7940}"
EndProject
Global
	GlobalSection(SolutionConfigurationPlatforms) = preSolution
		Debug|Any CPU = Debug|Any CPU
		Release|Any CPU = Release|Any CPU
	EndGlobalSection
	GlobalSection(ProjectConfigurationPlatforms) = postSolution
		{7474FE20-A0F4-4CA6-9545-A8FCA84F7940}.Debug|Any CPU.ActiveCfg = Debug|Any CPU
		{7474FE20-A0F4-4CA6-9545-A8FCA84F7940}.Debug|Any CPU.Build.0 = Debug|Any CPU
		{7474FE20-A0F4-4CA6-9545-A8FCA84F7940}.Release|Any CPU.ActiveCfg = Release|Any CPU
		{7474FE20-A0F4-4CA6-9545-A8FCA84F7940}.Release|Any CPU.Build.0 = Release|Any CPU
	EndGlobalSection
	GlobalSection(SolutionProperties) = preSolution
		HideSolutionNode = FALSE
	EndGlobalSection
	GlobalSection(ExtensibilityGlobals) = postSolution
		SolutionGuid = {588AD64C-E228-43FD-A266-14171E75DF7D}
	EndGlobalSection
EndGlobal
